
Microsoft Visual Studio Solution File, Format Version 12.00
# Visual Studio Version 17
VisualStudioVersion = 17.0.31903.59
MinimumVisualStudioVersion = 10.0.40219.1
Project("{9A19103F-16F7-4668-BE54-9A1E7A4F7556}") = "Stone.NET6.Demo", "Stone.NET6.Demo\Stone.NET6.Demo.csproj", "{7DE1C595-4C53-499E-99A1-96092296CAA1}"
EndProject
Project("{9A19103F-16F7-4668-BE54-9A1E7A4F7556}") = "DIExample", "DIExample\DIExample.csproj", "{5C3B7208-70BA-4622-AB92-14B6D938924B}"
EndProject
Project("{9A19103F-16F7-4668-BE54-9A1E7A4F7556}") = "DIExampleWeb", "DIExampleWeb\DIExampleWeb.csproj", "{66A5414D-7D14-46E2-83F1-07E75D30F6E1}"
EndProject
Project("{9A19103F-16F7-4668-BE54-9A1E7A4F7556}") = "Stone.ServiceContract", "Stone.ServiceContract\Stone.ServiceContract.csproj", "{16B6F8AF-6F48-45E5-B52F-96722D66F6DD}"
EndProject
Global
	GlobalSection(SolutionConfigurationPlatforms) = preSolution
		Debug|Any CPU = Debug|Any CPU
		Release|Any CPU = Release|Any CPU
	EndGlobalSection
	GlobalSection(ProjectConfigurationPlatforms) = postSolution
		{7DE1C595-4C53-499E-99A1-96092296CAA1}.Debug|Any CPU.ActiveCfg = Debug|Any CPU
		{7DE1C595-4C53-499E-99A1-96092296CAA1}.Debug|Any CPU.Build.0 = Debug|Any CPU
		{7DE1C595-4C53-499E-99A1-96092296CAA1}.Release|Any CPU.ActiveCfg = Release|Any CPU
		{7DE1C595-4C53-499E-99A1-96092296CAA1}.Release|Any CPU.Build.0 = Release|Any CPU
		{5C3B7208-70BA-4622-AB92-14B6D938924B}.Debug|Any CPU.ActiveCfg = Debug|Any CPU
		{5C3B7208-70BA-4622-AB92-14B6D938924B}.Debug|Any CPU.Build.0 = Debug|Any CPU
		{5C3B7208-70BA-4622-AB92-14B6D938924B}.Release|Any CPU.ActiveCfg = Release|Any CPU
		{5C3B7208-70BA-4622-AB92-14B6D938924B}.Release|Any CPU.Build.0 = Release|Any CPU
		{66A5414D-7D14-46E2-83F1-07E75D30F6E1}.Debug|Any CPU.ActiveCfg = Debug|Any CPU
		{66A5414D-7D14-46E2-83F1-07E75D30F6E1}.Debug|Any CPU.Build.0 = Debug|Any CPU
		{66A5414D-7D14-46E2-83F1-07E75D30F6E1}.Release|Any CPU.ActiveCfg = Release|Any CPU
		{66A5414D-7D14-46E2-83F1-07E75D30F6E1}.Release|Any CPU.Build.0 = Release|Any CPU
		{16B6F8AF-6F48-45E5-B52F-96722D66F6DD}.Debug|Any CPU.ActiveCfg = Debug|Any CPU
		{16B6F8AF-6F48-45E5-B52F-96722D66F6DD}.Debug|Any CPU.Build.0 = Debug|Any CPU
		{16B6F8AF-6F48-45E5-B52F-96722D66F6DD}.Release|Any CPU.ActiveCfg = Release|Any CPU
		{16B6F8AF-6F48-45E5-B52F-96722D66F6DD}.Release|Any CPU.Build.0 = Release|Any CPU
	EndGlobalSection
	GlobalSection(SolutionProperties) = preSolution
		HideSolutionNode = FALSE
	EndGlobalSection
EndGlobal
